// !$*UTF8*$!
{
	archiveVersion = 1;
	classes = {
	};
	objectVersion = 51;
	objects = {

/* Begin PBXBuildFile section */
		1ABF3F4C33EEB0B6C90906B5 /* Pods_megahack.framework in Frameworks */ = {isa = PBXBuildFile; fileRef = 14FD19817F375AE93F41DD75 /* Pods_megahack.framework */; };
		1FFFFB64245F33C700F1B776 /* TwilioViewController.swift in Sources */ = {isa = PBXBuildFile; fileRef = 1FFFFB63245F33C700F1B776 /* TwilioViewController.swift */; };
		647D66C2245C82CC00442029 /* AppDelegate.swift in Sources */ = {isa = PBXBuildFile; fileRef = 647D66C1245C82CC00442029 /* AppDelegate.swift */; };
		647D66C4245C82CC00442029 /* SceneDelegate.swift in Sources */ = {isa = PBXBuildFile; fileRef = 647D66C3245C82CC00442029 /* SceneDelegate.swift */; };
		647D66C6245C82CC00442029 /* ViewController.swift in Sources */ = {isa = PBXBuildFile; fileRef = 647D66C5245C82CC00442029 /* ViewController.swift */; };
		647D66C9245C82CC00442029 /* Main.storyboard in Resources */ = {isa = PBXBuildFile; fileRef = 647D66C7245C82CC00442029 /* Main.storyboard */; };
		647D66CB245C82CD00442029 /* Assets.xcassets in Resources */ = {isa = PBXBuildFile; fileRef = 647D66CA245C82CD00442029 /* Assets.xcassets */; };
		647D66CE245C82CD00442029 /* LaunchScreen.storyboard in Resources */ = {isa = PBXBuildFile; fileRef = 647D66CC245C82CD00442029 /* LaunchScreen.storyboard */; };
		647D66DB245C870100442029 /* EventHome.storyboard in Resources */ = {isa = PBXBuildFile; fileRef = 647D66DA245C870100442029 /* EventHome.storyboard */; };
		647D66DE245C8CC500442029 /* IntegrationManager.swift in Sources */ = {isa = PBXBuildFile; fileRef = 647D66DD245C8CC500442029 /* IntegrationManager.swift */; };
		647D66E3245CB99E00442029 /* SocialMedia.swift in Sources */ = {isa = PBXBuildFile; fileRef = 647D66E2245CB99E00442029 /* SocialMedia.swift */; };
		647D66E5245CBB2A00442029 /* Event.swift in Sources */ = {isa = PBXBuildFile; fileRef = 647D66E4245CBB2A00442029 /* Event.swift */; };
		647D66E7245CD09E00442029 /* RoomType.swift in Sources */ = {isa = PBXBuildFile; fileRef = 647D66E6245CD09E00442029 /* RoomType.swift */; };
		647D66EA245CD36800442029 /* RealTimeType.swift in Sources */ = {isa = PBXBuildFile; fileRef = 647D66E9245CD36800442029 /* RealTimeType.swift */; };
		647D66EC245CD64B00442029 /* SocialMediaType.swift in Sources */ = {isa = PBXBuildFile; fileRef = 647D66EB245CD64B00442029 /* SocialMediaType.swift */; };
		647D66EE245CD68300442029 /* Talk.swift in Sources */ = {isa = PBXBuildFile; fileRef = 647D66ED245CD68300442029 /* Talk.swift */; };
		647D66F0245CD76B00442029 /* RealTimeTool.swift in Sources */ = {isa = PBXBuildFile; fileRef = 647D66EF245CD76B00442029 /* RealTimeTool.swift */; };
		647D66F2245CD87A00442029 /* Room.swift in Sources */ = {isa = PBXBuildFile; fileRef = 647D66F1245CD87A00442029 /* Room.swift */; };
		647D66F4245CD90600442029 /* UserType.swift in Sources */ = {isa = PBXBuildFile; fileRef = 647D66F3245CD90600442029 /* UserType.swift */; };
		647D66F9245CDCD100442029 /* Field.swift in Sources */ = {isa = PBXBuildFile; fileRef = 647D66F8245CDCD100442029 /* Field.swift */; };
		647D66FD245CDD7A00442029 /* Repository.swift in Sources */ = {isa = PBXBuildFile; fileRef = 647D66FC245CDD7A00442029 /* Repository.swift */; };
		647D66FF245CDE1600442029 /* FieldRepository.swift in Sources */ = {isa = PBXBuildFile; fileRef = 647D66FE245CDE1600442029 /* FieldRepository.swift */; };
		647D6703245D0AC400442029 /* FieldLocalSource.swift in Sources */ = {isa = PBXBuildFile; fileRef = 647D6702245D0AC400442029 /* FieldLocalSource.swift */; };
		647D6705245D0AE600442029 /* LocalSource.swift in Sources */ = {isa = PBXBuildFile; fileRef = 647D6704245D0AE600442029 /* LocalSource.swift */; };
		647D6709245D10A400442029 /* Colors.xcassets in Resources */ = {isa = PBXBuildFile; fileRef = 647D6708245D10A400442029 /* Colors.xcassets */; };
		647D670B245D124C00442029 /* EventOnBoardingViewController.swift in Sources */ = {isa = PBXBuildFile; fileRef = 647D670A245D124C00442029 /* EventOnBoardingViewController.swift */; };
		647D670E245D1EC400442029 /* FieldCell.swift in Sources */ = {isa = PBXBuildFile; fileRef = 647D670D245D1EC400442029 /* FieldCell.swift */; };
		647D6716245D463D00442029 /* GeneralProfile.storyboard in Resources */ = {isa = PBXBuildFile; fileRef = 647D6715245D463D00442029 /* GeneralProfile.storyboard */; };
		647D6718245D479100442029 /* Notifications.storyboard in Resources */ = {isa = PBXBuildFile; fileRef = 647D6717245D479100442029 /* Notifications.storyboard */; };
		647D6727245DFA7800442029 /* EventHomeTableView.swift in Sources */ = {isa = PBXBuildFile; fileRef = 647D6726245DFA7800442029 /* EventHomeTableView.swift */; };
		647D672A245DFF9E00442029 /* RoundedBorderView.swift in Sources */ = {isa = PBXBuildFile; fileRef = 647D6729245DFF9E00442029 /* RoundedBorderView.swift */; };
		647D672C245E0AC900442029 /* RoundedButton.swift in Sources */ = {isa = PBXBuildFile; fileRef = 647D672B245E0AC900442029 /* RoundedButton.swift */; };
		647D672E245E18B700442029 /* NotificationTableView.swift in Sources */ = {isa = PBXBuildFile; fileRef = 647D672D245E18B700442029 /* NotificationTableView.swift */; };
		647D6730245E18F400442029 /* EventNotification.swift in Sources */ = {isa = PBXBuildFile; fileRef = 647D672F245E18F400442029 /* EventNotification.swift */; };
		647D6732245E198C00442029 /* NotificationLocalSource.swift in Sources */ = {isa = PBXBuildFile; fileRef = 647D6731245E198C00442029 /* NotificationLocalSource.swift */; };
		647D6734245E1F7000442029 /* NotificationRepository.swift in Sources */ = {isa = PBXBuildFile; fileRef = 647D6733245E1F7000442029 /* NotificationRepository.swift */; };
		647D6736245E38E500442029 /* NotificationGroupCell.swift in Sources */ = {isa = PBXBuildFile; fileRef = 647D6735245E38E500442029 /* NotificationGroupCell.swift */; };
		647D6738245E3F7000442029 /* NotificationCell.swift in Sources */ = {isa = PBXBuildFile; fileRef = 647D6737245E3F7000442029 /* NotificationCell.swift */; };
		647D673E245E4AE600442029 /* ProfileViewController.swift in Sources */ = {isa = PBXBuildFile; fileRef = 647D673D245E4AE600442029 /* ProfileViewController.swift */; };
		647D6740245E6D5400442029 /* Networking.storyboard in Resources */ = {isa = PBXBuildFile; fileRef = 647D673F245E6D5400442029 /* Networking.storyboard */; };
		647D6742245E7D1C00442029 /* NetworkingViewController.swift in Sources */ = {isa = PBXBuildFile; fileRef = 647D6741245E7D1C00442029 /* NetworkingViewController.swift */; };
		647D6744245E7F3800442029 /* RoomLocalSource.swift in Sources */ = {isa = PBXBuildFile; fileRef = 647D6743245E7F3800442029 /* RoomLocalSource.swift */; };
		647D6746245E807900442029 /* RoomRepository.swift in Sources */ = {isa = PBXBuildFile; fileRef = 647D6745245E807900442029 /* RoomRepository.swift */; };
		647D6748245E869400442029 /* RoomCell.swift in Sources */ = {isa = PBXBuildFile; fileRef = 647D6747245E869400442029 /* RoomCell.swift */; };
		647D674A245E86DD00442029 /* CategoryCell.swift in Sources */ = {isa = PBXBuildFile; fileRef = 647D6749245E86DD00442029 /* CategoryCell.swift */; };
		647D674C245E8B9F00442029 /* NetworkingCategory.swift in Sources */ = {isa = PBXBuildFile; fileRef = 647D674B245E8B9F00442029 /* NetworkingCategory.swift */; };
		647D674E245E8BDB00442029 /* NetworkingCategoryLocalSource.swift in Sources */ = {isa = PBXBuildFile; fileRef = 647D674D245E8BDB00442029 /* NetworkingCategoryLocalSource.swift */; };
		647D6750245E8DC700442029 /* NetworkingCategoryRepository.swift in Sources */ = {isa = PBXBuildFile; fileRef = 647D674F245E8DC700442029 /* NetworkingCategoryRepository.swift */; };
		647D6752245E91C800442029 /* Sponsors.storyboard in Resources */ = {isa = PBXBuildFile; fileRef = 647D6751245E91C800442029 /* Sponsors.storyboard */; };
		647D6754245E94FF00442029 /* SponsorViewController.swift in Sources */ = {isa = PBXBuildFile; fileRef = 647D6753245E94FF00442029 /* SponsorViewController.swift */; };
		6499A9E0245F08470041DFD6 /* TalkViewController.swift in Sources */ = {isa = PBXBuildFile; fileRef = 6499A9DF245F08470041DFD6 /* TalkViewController.swift */; };
		6499A9E2245F250B0041DFD6 /* Twilio.storyboard in Resources */ = {isa = PBXBuildFile; fileRef = 6499A9E1245F250B0041DFD6 /* Twilio.storyboard */; };
		6499A9E5245F26250041DFD6 /* ProfileCell.swift in Sources */ = {isa = PBXBuildFile; fileRef = 6499A9E3245F26250041DFD6 /* ProfileCell.swift */; };
		6499A9E6245F26250041DFD6 /* ProfileCell.xib in Resources */ = {isa = PBXBuildFile; fileRef = 6499A9E4245F26250041DFD6 /* ProfileCell.xib */; };
		6499A9E8245F2E480041DFD6 /* UserProfile.swift in Sources */ = {isa = PBXBuildFile; fileRef = 6499A9E7245F2E480041DFD6 /* UserProfile.swift */; };
/* End PBXBuildFile section */

/* Begin PBXFileReference section */
		14FD19817F375AE93F41DD75 /* Pods_megahack.framework */ = {isa = PBXFileReference; explicitFileType = wrapper.framework; includeInIndex = 0; path = Pods_megahack.framework; sourceTree = BUILT_PRODUCTS_DIR; };
		1FFFFB63245F33C700F1B776 /* TwilioViewController.swift */ = {isa = PBXFileReference; lastKnownFileType = sourcecode.swift; path = TwilioViewController.swift; sourceTree = "<group>"; };
		2D7C08D8E0ED4CCF6E0410F5 /* Pods-megahack.release.xcconfig */ = {isa = PBXFileReference; includeInIndex = 1; lastKnownFileType = text.xcconfig; name = "Pods-megahack.release.xcconfig"; path = "Target Support Files/Pods-megahack/Pods-megahack.release.xcconfig"; sourceTree = "<group>"; };
		647D66BE245C82CC00442029 /* Pina.app */ = {isa = PBXFileReference; explicitFileType = wrapper.application; includeInIndex = 0; path = Pina.app; sourceTree = BUILT_PRODUCTS_DIR; };
		647D66C1245C82CC00442029 /* AppDelegate.swift */ = {isa = PBXFileReference; lastKnownFileType = sourcecode.swift; path = AppDelegate.swift; sourceTree = "<group>"; };
		647D66C3245C82CC00442029 /* SceneDelegate.swift */ = {isa = PBXFileReference; lastKnownFileType = sourcecode.swift; path = SceneDelegate.swift; sourceTree = "<group>"; };
		647D66C5245C82CC00442029 /* ViewController.swift */ = {isa = PBXFileReference; lastKnownFileType = sourcecode.swift; path = ViewController.swift; sourceTree = "<group>"; };
		647D66C8245C82CC00442029 /* Base */ = {isa = PBXFileReference; lastKnownFileType = file.storyboard; name = Base; path = Base.lproj/Main.storyboard; sourceTree = "<group>"; };
		647D66CA245C82CD00442029 /* Assets.xcassets */ = {isa = PBXFileReference; lastKnownFileType = folder.assetcatalog; path = Assets.xcassets; sourceTree = "<group>"; };
		647D66CD245C82CD00442029 /* Base */ = {isa = PBXFileReference; lastKnownFileType = file.storyboard; name = Base; path = Base.lproj/LaunchScreen.storyboard; sourceTree = "<group>"; };
		647D66CF245C82CD00442029 /* Info.plist */ = {isa = PBXFileReference; lastKnownFileType = text.plist.xml; path = Info.plist; sourceTree = "<group>"; };
		647D66DA245C870100442029 /* EventHome.storyboard */ = {isa = PBXFileReference; lastKnownFileType = file.storyboard; path = EventHome.storyboard; sourceTree = "<group>"; };
		647D66DD245C8CC500442029 /* IntegrationManager.swift */ = {isa = PBXFileReference; lastKnownFileType = sourcecode.swift; path = IntegrationManager.swift; sourceTree = "<group>"; };
		647D66E2245CB99E00442029 /* SocialMedia.swift */ = {isa = PBXFileReference; lastKnownFileType = sourcecode.swift; path = SocialMedia.swift; sourceTree = "<group>"; };
		647D66E4245CBB2A00442029 /* Event.swift */ = {isa = PBXFileReference; lastKnownFileType = sourcecode.swift; path = Event.swift; sourceTree = "<group>"; };
		647D66E6245CD09E00442029 /* RoomType.swift */ = {isa = PBXFileReference; lastKnownFileType = sourcecode.swift; path = RoomType.swift; sourceTree = "<group>"; };
		647D66E9245CD36800442029 /* RealTimeType.swift */ = {isa = PBXFileReference; lastKnownFileType = sourcecode.swift; path = RealTimeType.swift; sourceTree = "<group>"; };
		647D66EB245CD64B00442029 /* SocialMediaType.swift */ = {isa = PBXFileReference; lastKnownFileType = sourcecode.swift; path = SocialMediaType.swift; sourceTree = "<group>"; };
		647D66ED245CD68300442029 /* Talk.swift */ = {isa = PBXFileReference; lastKnownFileType = sourcecode.swift; path = Talk.swift; sourceTree = "<group>"; };
		647D66EF245CD76B00442029 /* RealTimeTool.swift */ = {isa = PBXFileReference; lastKnownFileType = sourcecode.swift; path = RealTimeTool.swift; sourceTree = "<group>"; };
		647D66F1245CD87A00442029 /* Room.swift */ = {isa = PBXFileReference; lastKnownFileType = sourcecode.swift; path = Room.swift; sourceTree = "<group>"; };
		647D66F3245CD90600442029 /* UserType.swift */ = {isa = PBXFileReference; lastKnownFileType = sourcecode.swift; path = UserType.swift; sourceTree = "<group>"; };
		647D66F8245CDCD100442029 /* Field.swift */ = {isa = PBXFileReference; lastKnownFileType = sourcecode.swift; path = Field.swift; sourceTree = "<group>"; };
		647D66FC245CDD7A00442029 /* Repository.swift */ = {isa = PBXFileReference; lastKnownFileType = sourcecode.swift; path = Repository.swift; sourceTree = "<group>"; };
		647D66FE245CDE1600442029 /* FieldRepository.swift */ = {isa = PBXFileReference; lastKnownFileType = sourcecode.swift; path = FieldRepository.swift; sourceTree = "<group>"; };
		647D6702245D0AC400442029 /* FieldLocalSource.swift */ = {isa = PBXFileReference; lastKnownFileType = sourcecode.swift; path = FieldLocalSource.swift; sourceTree = "<group>"; };
		647D6704245D0AE600442029 /* LocalSource.swift */ = {isa = PBXFileReference; lastKnownFileType = sourcecode.swift; path = LocalSource.swift; sourceTree = "<group>"; };
		647D6708245D10A400442029 /* Colors.xcassets */ = {isa = PBXFileReference; lastKnownFileType = folder.assetcatalog; path = Colors.xcassets; sourceTree = "<group>"; };
		647D670A245D124C00442029 /* EventOnBoardingViewController.swift */ = {isa = PBXFileReference; lastKnownFileType = sourcecode.swift; path = EventOnBoardingViewController.swift; sourceTree = "<group>"; };
		647D670D245D1EC400442029 /* FieldCell.swift */ = {isa = PBXFileReference; lastKnownFileType = sourcecode.swift; path = FieldCell.swift; sourceTree = "<group>"; };
		647D6715245D463D00442029 /* GeneralProfile.storyboard */ = {isa = PBXFileReference; lastKnownFileType = file.storyboard; path = GeneralProfile.storyboard; sourceTree = "<group>"; };
		647D6717245D479100442029 /* Notifications.storyboard */ = {isa = PBXFileReference; lastKnownFileType = file.storyboard; path = Notifications.storyboard; sourceTree = "<group>"; };
		647D6726245DFA7800442029 /* EventHomeTableView.swift */ = {isa = PBXFileReference; lastKnownFileType = sourcecode.swift; path = EventHomeTableView.swift; sourceTree = "<group>"; };
		647D6729245DFF9E00442029 /* RoundedBorderView.swift */ = {isa = PBXFileReference; lastKnownFileType = sourcecode.swift; path = RoundedBorderView.swift; sourceTree = "<group>"; };
		647D672B245E0AC900442029 /* RoundedButton.swift */ = {isa = PBXFileReference; lastKnownFileType = sourcecode.swift; path = RoundedButton.swift; sourceTree = "<group>"; };
		647D672D245E18B700442029 /* NotificationTableView.swift */ = {isa = PBXFileReference; lastKnownFileType = sourcecode.swift; path = NotificationTableView.swift; sourceTree = "<group>"; };
		647D672F245E18F400442029 /* EventNotification.swift */ = {isa = PBXFileReference; lastKnownFileType = sourcecode.swift; path = EventNotification.swift; sourceTree = "<group>"; };
		647D6731245E198C00442029 /* NotificationLocalSource.swift */ = {isa = PBXFileReference; lastKnownFileType = sourcecode.swift; path = NotificationLocalSource.swift; sourceTree = "<group>"; };
		647D6733245E1F7000442029 /* NotificationRepository.swift */ = {isa = PBXFileReference; lastKnownFileType = sourcecode.swift; path = NotificationRepository.swift; sourceTree = "<group>"; };
		647D6735245E38E500442029 /* NotificationGroupCell.swift */ = {isa = PBXFileReference; lastKnownFileType = sourcecode.swift; path = NotificationGroupCell.swift; sourceTree = "<group>"; };
		647D6737245E3F7000442029 /* NotificationCell.swift */ = {isa = PBXFileReference; lastKnownFileType = sourcecode.swift; path = NotificationCell.swift; sourceTree = "<group>"; };
		647D673D245E4AE600442029 /* ProfileViewController.swift */ = {isa = PBXFileReference; lastKnownFileType = sourcecode.swift; path = ProfileViewController.swift; sourceTree = "<group>"; };
		647D673F245E6D5400442029 /* Networking.storyboard */ = {isa = PBXFileReference; lastKnownFileType = file.storyboard; path = Networking.storyboard; sourceTree = "<group>"; };
		647D6741245E7D1C00442029 /* NetworkingViewController.swift */ = {isa = PBXFileReference; lastKnownFileType = sourcecode.swift; path = NetworkingViewController.swift; sourceTree = "<group>"; };
		647D6743245E7F3800442029 /* RoomLocalSource.swift */ = {isa = PBXFileReference; lastKnownFileType = sourcecode.swift; path = RoomLocalSource.swift; sourceTree = "<group>"; };
		647D6745245E807900442029 /* RoomRepository.swift */ = {isa = PBXFileReference; lastKnownFileType = sourcecode.swift; path = RoomRepository.swift; sourceTree = "<group>"; };
		647D6747245E869400442029 /* RoomCell.swift */ = {isa = PBXFileReference; lastKnownFileType = sourcecode.swift; path = RoomCell.swift; sourceTree = "<group>"; };
		647D6749245E86DD00442029 /* CategoryCell.swift */ = {isa = PBXFileReference; lastKnownFileType = sourcecode.swift; path = CategoryCell.swift; sourceTree = "<group>"; };
		647D674B245E8B9F00442029 /* NetworkingCategory.swift */ = {isa = PBXFileReference; lastKnownFileType = sourcecode.swift; path = NetworkingCategory.swift; sourceTree = "<group>"; };
		647D674D245E8BDB00442029 /* NetworkingCategoryLocalSource.swift */ = {isa = PBXFileReference; lastKnownFileType = sourcecode.swift; path = NetworkingCategoryLocalSource.swift; sourceTree = "<group>"; };
		647D674F245E8DC700442029 /* NetworkingCategoryRepository.swift */ = {isa = PBXFileReference; lastKnownFileType = sourcecode.swift; path = NetworkingCategoryRepository.swift; sourceTree = "<group>"; };
		647D6751245E91C800442029 /* Sponsors.storyboard */ = {isa = PBXFileReference; lastKnownFileType = file.storyboard; path = Sponsors.storyboard; sourceTree = "<group>"; };
		647D6753245E94FF00442029 /* SponsorViewController.swift */ = {isa = PBXFileReference; lastKnownFileType = sourcecode.swift; path = SponsorViewController.swift; sourceTree = "<group>"; };
		6499A9DF245F08470041DFD6 /* TalkViewController.swift */ = {isa = PBXFileReference; lastKnownFileType = sourcecode.swift; path = TalkViewController.swift; sourceTree = "<group>"; };
		6499A9E1245F250B0041DFD6 /* Twilio.storyboard */ = {isa = PBXFileReference; lastKnownFileType = file.storyboard; path = Twilio.storyboard; sourceTree = "<group>"; };
		6499A9E3245F26250041DFD6 /* ProfileCell.swift */ = {isa = PBXFileReference; lastKnownFileType = sourcecode.swift; path = ProfileCell.swift; sourceTree = "<group>"; };
		6499A9E4245F26250041DFD6 /* ProfileCell.xib */ = {isa = PBXFileReference; lastKnownFileType = file.xib; path = ProfileCell.xib; sourceTree = "<group>"; };
		6499A9E7245F2E480041DFD6 /* UserProfile.swift */ = {isa = PBXFileReference; lastKnownFileType = sourcecode.swift; path = UserProfile.swift; sourceTree = "<group>"; };
		FD0CCDA680B8B7C0888B9015 /* Pods-megahack.debug.xcconfig */ = {isa = PBXFileReference; includeInIndex = 1; lastKnownFileType = text.xcconfig; name = "Pods-megahack.debug.xcconfig"; path = "Target Support Files/Pods-megahack/Pods-megahack.debug.xcconfig"; sourceTree = "<group>"; };
/* End PBXFileReference section */

/* Begin PBXFrameworksBuildPhase section */
		647D66BB245C82CC00442029 /* Frameworks */ = {
			isa = PBXFrameworksBuildPhase;
			buildActionMask = 2147483647;
			files = (
				1ABF3F4C33EEB0B6C90906B5 /* Pods_megahack.framework in Frameworks */,
			);
			runOnlyForDeploymentPostprocessing = 0;
		};
/* End PBXFrameworksBuildPhase section */

/* Begin PBXGroup section */
		647D66B5245C82CB00442029 = {
			isa = PBXGroup;
			children = (
				647D66C0245C82CC00442029 /* megahack */,
				647D66BF245C82CC00442029 /* Products */,
				EA132BABA2A9EB0E5CCF2056 /* Pods */,
				DAEF4CDA460C4BD08D0BA550 /* Frameworks */,
			);
			sourceTree = "<group>";
		};
		647D66BF245C82CC00442029 /* Products */ = {
			isa = PBXGroup;
			children = (
				647D66BE245C82CC00442029 /* Pina.app */,
			);
			name = Products;
			sourceTree = "<group>";
		};
		647D66C0245C82CC00442029 /* megahack */ = {
			isa = PBXGroup;
			children = (
				647D66D7245C832100442029 /* Model */,
				647D66D6245C831D00442029 /* View */,
				647D66D5245C831500442029 /* Controllers */,
				647D66DC245C8B7B00442029 /* Integrations */,
				647D66C1245C82CC00442029 /* AppDelegate.swift */,
				647D66C3245C82CC00442029 /* SceneDelegate.swift */,
				647D66CF245C82CD00442029 /* Info.plist */,
			);
			path = megahack;
			sourceTree = "<group>";
		};
		647D66D5245C831500442029 /* Controllers */ = {
			isa = PBXGroup;
			children = (
				647D66C5245C82CC00442029 /* ViewController.swift */,
				647D670A245D124C00442029 /* EventOnBoardingViewController.swift */,
				647D6726245DFA7800442029 /* EventHomeTableView.swift */,
				647D672D245E18B700442029 /* NotificationTableView.swift */,
				647D673D245E4AE600442029 /* ProfileViewController.swift */,
				647D6741245E7D1C00442029 /* NetworkingViewController.swift */,
				647D6753245E94FF00442029 /* SponsorViewController.swift */,
				6499A9DF245F08470041DFD6 /* TalkViewController.swift */,
				1FFFFB63245F33C700F1B776 /* TwilioViewController.swift */,
			);
			path = Controllers;
			sourceTree = "<group>";
		};
		647D66D6245C831D00442029 /* View */ = {
			isa = PBXGroup;
			children = (
				647D6728245DFF8000442029 /* Custom */,
				647D670C245D1EAA00442029 /* Cells */,
				647D66D9245C833A00442029 /* Assets */,
				647D66D8245C832800442029 /* Storyboards */,
			);
			path = View;
			sourceTree = "<group>";
		};
		647D66D7245C832100442029 /* Model */ = {
			isa = PBXGroup;
			children = (
				647D6700245D0A8400442029 /* Source */,
				647D66F6245CDB5900442029 /* Repository */,
				647D66E1245CB97500442029 /* Domain */,
			);
			path = Model;
			sourceTree = "<group>";
		};
		647D66D8245C832800442029 /* Storyboards */ = {
			isa = PBXGroup;
			children = (
				647D66C7245C82CC00442029 /* Main.storyboard */,
				647D66CC245C82CD00442029 /* LaunchScreen.storyboard */,
				647D66DA245C870100442029 /* EventHome.storyboard */,
				647D6715245D463D00442029 /* GeneralProfile.storyboard */,
				647D6717245D479100442029 /* Notifications.storyboard */,
				647D673F245E6D5400442029 /* Networking.storyboard */,
				647D6751245E91C800442029 /* Sponsors.storyboard */,
				6499A9E1245F250B0041DFD6 /* Twilio.storyboard */,
			);
			path = Storyboards;
			sourceTree = "<group>";
		};
		647D66D9245C833A00442029 /* Assets */ = {
			isa = PBXGroup;
			children = (
				647D66CA245C82CD00442029 /* Assets.xcassets */,
				647D6708245D10A400442029 /* Colors.xcassets */,
			);
			path = Assets;
			sourceTree = "<group>";
		};
		647D66DC245C8B7B00442029 /* Integrations */ = {
			isa = PBXGroup;
			children = (
				647D66DD245C8CC500442029 /* IntegrationManager.swift */,
			);
			path = Integrations;
			sourceTree = "<group>";
		};
		647D66E1245CB97500442029 /* Domain */ = {
			isa = PBXGroup;
			children = (
				647D66E8245CD0AD00442029 /* Enumerations */,
				647D66E2245CB99E00442029 /* SocialMedia.swift */,
				647D66EF245CD76B00442029 /* RealTimeTool.swift */,
				647D66E4245CBB2A00442029 /* Event.swift */,
				647D66ED245CD68300442029 /* Talk.swift */,
				647D66F1245CD87A00442029 /* Room.swift */,
				647D66F8245CDCD100442029 /* Field.swift */,
				647D672F245E18F400442029 /* EventNotification.swift */,
				647D674B245E8B9F00442029 /* NetworkingCategory.swift */,
				6499A9E7245F2E480041DFD6 /* UserProfile.swift */,
			);
			path = Domain;
			sourceTree = "<group>";
		};
		647D66E8245CD0AD00442029 /* Enumerations */ = {
			isa = PBXGroup;
			children = (
				647D66E6245CD09E00442029 /* RoomType.swift */,
				647D66E9245CD36800442029 /* RealTimeType.swift */,
				647D66EB245CD64B00442029 /* SocialMediaType.swift */,
				647D66F3245CD90600442029 /* UserType.swift */,
			);
			path = Enumerations;
			sourceTree = "<group>";
		};
		647D66F6245CDB5900442029 /* Repository */ = {
			isa = PBXGroup;
			children = (
				647D66F7245CDCA200442029 /* Protocols */,
				647D66FE245CDE1600442029 /* FieldRepository.swift */,
				647D6733245E1F7000442029 /* NotificationRepository.swift */,
				647D6745245E807900442029 /* RoomRepository.swift */,
				647D674F245E8DC700442029 /* NetworkingCategoryRepository.swift */,
			);
			path = Repository;
			sourceTree = "<group>";
		};
		647D66F7245CDCA200442029 /* Protocols */ = {
			isa = PBXGroup;
			children = (
				647D66FC245CDD7A00442029 /* Repository.swift */,
			);
			path = Protocols;
			sourceTree = "<group>";
		};
		647D6700245D0A8400442029 /* Source */ = {
			isa = PBXGroup;
			children = (
				647D6701245D0AB100442029 /* Local */,
			);
			path = Source;
			sourceTree = "<group>";
		};
		647D6701245D0AB100442029 /* Local */ = {
			isa = PBXGroup;
			children = (
				647D6707245D0B3C00442029 /* Protocols */,
				647D6702245D0AC400442029 /* FieldLocalSource.swift */,
				647D6731245E198C00442029 /* NotificationLocalSource.swift */,
				647D6743245E7F3800442029 /* RoomLocalSource.swift */,
				647D674D245E8BDB00442029 /* NetworkingCategoryLocalSource.swift */,
			);
			path = Local;
			sourceTree = "<group>";
		};
		647D6707245D0B3C00442029 /* Protocols */ = {
			isa = PBXGroup;
			children = (
				647D6704245D0AE600442029 /* LocalSource.swift */,
			);
			path = Protocols;
			sourceTree = "<group>";
		};
		647D670C245D1EAA00442029 /* Cells */ = {
			isa = PBXGroup;
			children = (
				647D670D245D1EC400442029 /* FieldCell.swift */,
				647D6735245E38E500442029 /* NotificationGroupCell.swift */,
				647D6737245E3F7000442029 /* NotificationCell.swift */,
				647D6747245E869400442029 /* RoomCell.swift */,
				647D6749245E86DD00442029 /* CategoryCell.swift */,
				6499A9E3245F26250041DFD6 /* ProfileCell.swift */,
				6499A9E4245F26250041DFD6 /* ProfileCell.xib */,
			);
			path = Cells;
			sourceTree = "<group>";
		};
		647D6728245DFF8000442029 /* Custom */ = {
			isa = PBXGroup;
			children = (
				647D6729245DFF9E00442029 /* RoundedBorderView.swift */,
				647D672B245E0AC900442029 /* RoundedButton.swift */,
			);
			path = Custom;
			sourceTree = "<group>";
		};
		DAEF4CDA460C4BD08D0BA550 /* Frameworks */ = {
			isa = PBXGroup;
			children = (
				14FD19817F375AE93F41DD75 /* Pods_megahack.framework */,
			);
			name = Frameworks;
			sourceTree = "<group>";
		};
		EA132BABA2A9EB0E5CCF2056 /* Pods */ = {
			isa = PBXGroup;
			children = (
				FD0CCDA680B8B7C0888B9015 /* Pods-megahack.debug.xcconfig */,
				2D7C08D8E0ED4CCF6E0410F5 /* Pods-megahack.release.xcconfig */,
			);
			path = Pods;
			sourceTree = "<group>";
		};
/* End PBXGroup section */

/* Begin PBXNativeTarget section */
		647D66BD245C82CC00442029 /* megahack */ = {
			isa = PBXNativeTarget;
			buildConfigurationList = 647D66D2245C82CD00442029 /* Build configuration list for PBXNativeTarget "megahack" */;
			buildPhases = (
				4AF71BDF02163818D3D00C5D /* [CP] Check Pods Manifest.lock */,
				647D66BA245C82CC00442029 /* Sources */,
				647D66BB245C82CC00442029 /* Frameworks */,
				647D66BC245C82CC00442029 /* Resources */,
				808C71012DC619FD675227A5 /* [CP] Embed Pods Frameworks */,
			);
			buildRules = (
			);
			dependencies = (
			);
			name = megahack;
			productName = megahack;
			productReference = 647D66BE245C82CC00442029 /* Pina.app */;
			productType = "com.apple.product-type.application";
		};
/* End PBXNativeTarget section */

/* Begin PBXProject section */
		647D66B6245C82CB00442029 /* Project object */ = {
			isa = PBXProject;
			attributes = {
				LastSwiftUpdateCheck = 1140;
				LastUpgradeCheck = 1140;
				ORGANIZATIONNAME = "Andressa Valengo";
				TargetAttributes = {
					647D66BD245C82CC00442029 = {
						CreatedOnToolsVersion = 11.4.1;
					};
				};
			};
			buildConfigurationList = 647D66B9245C82CB00442029 /* Build configuration list for PBXProject "megahack" */;
			compatibilityVersion = "Xcode 9.3";
			developmentRegion = en;
			hasScannedForEncodings = 0;
			knownRegions = (
				en,
				Base,
			);
			mainGroup = 647D66B5245C82CB00442029;
			productRefGroup = 647D66BF245C82CC00442029 /* Products */;
			projectDirPath = "";
			projectRoot = "";
			targets = (
				647D66BD245C82CC00442029 /* megahack */,
			);
		};
/* End PBXProject section */

/* Begin PBXResourcesBuildPhase section */
		647D66BC245C82CC00442029 /* Resources */ = {
			isa = PBXResourcesBuildPhase;
			buildActionMask = 2147483647;
			files = (
				647D6709245D10A400442029 /* Colors.xcassets in Resources */,
				647D6718245D479100442029 /* Notifications.storyboard in Resources */,
				647D66CE245C82CD00442029 /* LaunchScreen.storyboard in Resources */,
				647D66CB245C82CD00442029 /* Assets.xcassets in Resources */,
				6499A9E6245F26250041DFD6 /* ProfileCell.xib in Resources */,
				6499A9E2245F250B0041DFD6 /* Twilio.storyboard in Resources */,
				647D6740245E6D5400442029 /* Networking.storyboard in Resources */,
				647D66DB245C870100442029 /* EventHome.storyboard in Resources */,
				647D6752245E91C800442029 /* Sponsors.storyboard in Resources */,
				647D6716245D463D00442029 /* GeneralProfile.storyboard in Resources */,
				647D66C9245C82CC00442029 /* Main.storyboard in Resources */,
			);
			runOnlyForDeploymentPostprocessing = 0;
		};
/* End PBXResourcesBuildPhase section */

/* Begin PBXShellScriptBuildPhase section */
		4AF71BDF02163818D3D00C5D /* [CP] Check Pods Manifest.lock */ = {
			isa = PBXShellScriptBuildPhase;
			buildActionMask = 2147483647;
			files = (
			);
			inputFileListPaths = (
			);
			inputPaths = (
				"${PODS_PODFILE_DIR_PATH}/Podfile.lock",
				"${PODS_ROOT}/Manifest.lock",
			);
			name = "[CP] Check Pods Manifest.lock";
			outputFileListPaths = (
			);
			outputPaths = (
				"$(DERIVED_FILE_DIR)/Pods-megahack-checkManifestLockResult.txt",
			);
			runOnlyForDeploymentPostprocessing = 0;
			shellPath = /bin/sh;
			shellScript = "diff \"${PODS_PODFILE_DIR_PATH}/Podfile.lock\" \"${PODS_ROOT}/Manifest.lock\" > /dev/null\nif [ $? != 0 ] ; then\n    # print error to STDERR\n    echo \"error: The sandbox is not in sync with the Podfile.lock. Run 'pod install' or update your CocoaPods installation.\" >&2\n    exit 1\nfi\n# This output is used by Xcode 'outputs' to avoid re-running this script phase.\necho \"SUCCESS\" > \"${SCRIPT_OUTPUT_FILE_0}\"\n";
			showEnvVarsInLog = 0;
		};
		808C71012DC619FD675227A5 /* [CP] Embed Pods Frameworks */ = {
			isa = PBXShellScriptBuildPhase;
			buildActionMask = 2147483647;
			files = (
			);
			inputFileListPaths = (
				"${PODS_ROOT}/Target Support Files/Pods-megahack/Pods-megahack-frameworks-${CONFIGURATION}-input-files.xcfilelist",
			);
			name = "[CP] Embed Pods Frameworks";
			outputFileListPaths = (
				"${PODS_ROOT}/Target Support Files/Pods-megahack/Pods-megahack-frameworks-${CONFIGURATION}-output-files.xcfilelist",
			);
			runOnlyForDeploymentPostprocessing = 0;
			shellPath = /bin/sh;
			shellScript = "\"${PODS_ROOT}/Target Support Files/Pods-megahack/Pods-megahack-frameworks.sh\"\n";
			showEnvVarsInLog = 0;
		};
/* End PBXShellScriptBuildPhase section */

/* Begin PBXSourcesBuildPhase section */
		647D66BA245C82CC00442029 /* Sources */ = {
			isa = PBXSourcesBuildPhase;
			buildActionMask = 2147483647;
			files = (
				647D6746245E807900442029 /* RoomRepository.swift in Sources */,
				647D674E245E8BDB00442029 /* NetworkingCategoryLocalSource.swift in Sources */,
				6499A9E8245F2E480041DFD6 /* UserProfile.swift in Sources */,
				1FFFFB64245F33C700F1B776 /* TwilioViewController.swift in Sources */,
				647D66E7245CD09E00442029 /* RoomType.swift in Sources */,
				6499A9E5245F26250041DFD6 /* ProfileCell.swift in Sources */,
				647D66F0245CD76B00442029 /* RealTimeTool.swift in Sources */,
				647D66F4245CD90600442029 /* UserType.swift in Sources */,
				647D66F2245CD87A00442029 /* Room.swift in Sources */,
				647D66FF245CDE1600442029 /* FieldRepository.swift in Sources */,
				647D672C245E0AC900442029 /* RoundedButton.swift in Sources */,
				647D66C6245C82CC00442029 /* ViewController.swift in Sources */,
				647D6750245E8DC700442029 /* NetworkingCategoryRepository.swift in Sources */,
				647D670B245D124C00442029 /* EventOnBoardingViewController.swift in Sources */,
				647D66E3245CB99E00442029 /* SocialMedia.swift in Sources */,
				647D6748245E869400442029 /* RoomCell.swift in Sources */,
				647D6744245E7F3800442029 /* RoomLocalSource.swift in Sources */,
				6499A9E0245F08470041DFD6 /* TalkViewController.swift in Sources */,
				647D6732245E198C00442029 /* NotificationLocalSource.swift in Sources */,
				647D66EE245CD68300442029 /* Talk.swift in Sources */,
				647D6705245D0AE600442029 /* LocalSource.swift in Sources */,
				647D673E245E4AE600442029 /* ProfileViewController.swift in Sources */,
				647D66DE245C8CC500442029 /* IntegrationManager.swift in Sources */,
				647D66EA245CD36800442029 /* RealTimeType.swift in Sources */,
				647D6736245E38E500442029 /* NotificationGroupCell.swift in Sources */,
				647D6754245E94FF00442029 /* SponsorViewController.swift in Sources */,
				647D6742245E7D1C00442029 /* NetworkingViewController.swift in Sources */,
				647D66C2245C82CC00442029 /* AppDelegate.swift in Sources */,
				647D674C245E8B9F00442029 /* NetworkingCategory.swift in Sources */,
				647D6703245D0AC400442029 /* FieldLocalSource.swift in Sources */,
				647D6727245DFA7800442029 /* EventHomeTableView.swift in Sources */,
				647D6730245E18F400442029 /* EventNotification.swift in Sources */,
				647D674A245E86DD00442029 /* CategoryCell.swift in Sources */,
				647D672E245E18B700442029 /* NotificationTableView.swift in Sources */,
				647D66FD245CDD7A00442029 /* Repository.swift in Sources */,
				647D6738245E3F7000442029 /* NotificationCell.swift in Sources */,
				647D672A245DFF9E00442029 /* RoundedBorderView.swift in Sources */,
				647D66E5245CBB2A00442029 /* Event.swift in Sources */,
				647D6734245E1F7000442029 /* NotificationRepository.swift in Sources */,
				647D66C4245C82CC00442029 /* SceneDelegate.swift in Sources */,
				647D66F9245CDCD100442029 /* Field.swift in Sources */,
				647D670E245D1EC400442029 /* FieldCell.swift in Sources */,
				647D66EC245CD64B00442029 /* SocialMediaType.swift in Sources */,
			);
			runOnlyForDeploymentPostprocessing = 0;
		};
/* End PBXSourcesBuildPhase section */

/* Begin PBXVariantGroup section */
		647D66C7245C82CC00442029 /* Main.storyboard */ = {
			isa = PBXVariantGroup;
			children = (
				647D66C8245C82CC00442029 /* Base */,
			);
			name = Main.storyboard;
			sourceTree = "<group>";
		};
		647D66CC245C82CD00442029 /* LaunchScreen.storyboard */ = {
			isa = PBXVariantGroup;
			children = (
				647D66CD245C82CD00442029 /* Base */,
			);
			name = LaunchScreen.storyboard;
			sourceTree = "<group>";
		};
/* End PBXVariantGroup section */

/* Begin XCBuildConfiguration section */
		647D66D0245C82CD00442029 /* Debug */ = {
			isa = XCBuildConfiguration;
			buildSettings = {
				ALWAYS_SEARCH_USER_PATHS = NO;
				CLANG_ANALYZER_NONNULL = YES;
				CLANG_ANALYZER_NUMBER_OBJECT_CONVERSION = YES_AGGRESSIVE;
				CLANG_CXX_LANGUAGE_STANDARD = "gnu++14";
				CLANG_CXX_LIBRARY = "libc++";
				CLANG_ENABLE_MODULES = YES;
				CLANG_ENABLE_OBJC_ARC = YES;
				CLANG_ENABLE_OBJC_WEAK = YES;
				CLANG_WARN_BLOCK_CAPTURE_AUTORELEASING = YES;
				CLANG_WARN_BOOL_CONVERSION = YES;
				CLANG_WARN_COMMA = YES;
				CLANG_WARN_CONSTANT_CONVERSION = YES;
				CLANG_WARN_DEPRECATED_OBJC_IMPLEMENTATIONS = YES;
				CLANG_WARN_DIRECT_OBJC_ISA_USAGE = YES_ERROR;
				CLANG_WARN_DOCUMENTATION_COMMENTS = YES;
				CLANG_WARN_EMPTY_BODY = YES;
				CLANG_WARN_ENUM_CONVERSION = YES;
				CLANG_WARN_INFINITE_RECURSION = YES;
				CLANG_WARN_INT_CONVERSION = YES;
				CLANG_WARN_NON_LITERAL_NULL_CONVERSION = YES;
				CLANG_WARN_OBJC_IMPLICIT_RETAIN_SELF = YES;
				CLANG_WARN_OBJC_LITERAL_CONVERSION = YES;
				CLANG_WARN_OBJC_ROOT_CLASS = YES_ERROR;
				CLANG_WARN_RANGE_LOOP_ANALYSIS = YES;
				CLANG_WARN_STRICT_PROTOTYPES = YES;
				CLANG_WARN_SUSPICIOUS_MOVE = YES;
				CLANG_WARN_UNGUARDED_AVAILABILITY = YES_AGGRESSIVE;
				CLANG_WARN_UNREACHABLE_CODE = YES;
				CLANG_WARN__DUPLICATE_METHOD_MATCH = YES;
				COPY_PHASE_STRIP = NO;
				DEBUG_INFORMATION_FORMAT = dwarf;
				ENABLE_STRICT_OBJC_MSGSEND = YES;
				ENABLE_TESTABILITY = YES;
				GCC_C_LANGUAGE_STANDARD = gnu11;
				GCC_DYNAMIC_NO_PIC = NO;
				GCC_NO_COMMON_BLOCKS = YES;
				GCC_OPTIMIZATION_LEVEL = 0;
				GCC_PREPROCESSOR_DEFINITIONS = (
					"DEBUG=1",
					"$(inherited)",
				);
				GCC_WARN_64_TO_32_BIT_CONVERSION = YES;
				GCC_WARN_ABOUT_RETURN_TYPE = YES_ERROR;
				GCC_WARN_UNDECLARED_SELECTOR = YES;
				GCC_WARN_UNINITIALIZED_AUTOS = YES_AGGRESSIVE;
				GCC_WARN_UNUSED_FUNCTION = YES;
				GCC_WARN_UNUSED_VARIABLE = YES;
				IPHONEOS_DEPLOYMENT_TARGET = 13.4;
				MTL_ENABLE_DEBUG_INFO = INCLUDE_SOURCE;
				MTL_FAST_MATH = YES;
				ONLY_ACTIVE_ARCH = YES;
				SDKROOT = iphoneos;
				SWIFT_ACTIVE_COMPILATION_CONDITIONS = DEBUG;
				SWIFT_OPTIMIZATION_LEVEL = "-Onone";
			};
			name = Debug;
		};
		647D66D1245C82CD00442029 /* Release */ = {
			isa = XCBuildConfiguration;
			buildSettings = {
				ALWAYS_SEARCH_USER_PATHS = NO;
				CLANG_ANALYZER_NONNULL = YES;
				CLANG_ANALYZER_NUMBER_OBJECT_CONVERSION = YES_AGGRESSIVE;
				CLANG_CXX_LANGUAGE_STANDARD = "gnu++14";
				CLANG_CXX_LIBRARY = "libc++";
				CLANG_ENABLE_MODULES = YES;
				CLANG_ENABLE_OBJC_ARC = YES;
				CLANG_ENABLE_OBJC_WEAK = YES;
				CLANG_WARN_BLOCK_CAPTURE_AUTORELEASING = YES;
				CLANG_WARN_BOOL_CONVERSION = YES;
				CLANG_WARN_COMMA = YES;
				CLANG_WARN_CONSTANT_CONVERSION = YES;
				CLANG_WARN_DEPRECATED_OBJC_IMPLEMENTATIONS = YES;
				CLANG_WARN_DIRECT_OBJC_ISA_USAGE = YES_ERROR;
				CLANG_WARN_DOCUMENTATION_COMMENTS = YES;
				CLANG_WARN_EMPTY_BODY = YES;
				CLANG_WARN_ENUM_CONVERSION = YES;
				CLANG_WARN_INFINITE_RECURSION = YES;
				CLANG_WARN_INT_CONVERSION = YES;
				CLANG_WARN_NON_LITERAL_NULL_CONVERSION = YES;
				CLANG_WARN_OBJC_IMPLICIT_RETAIN_SELF = YES;
				CLANG_WARN_OBJC_LITERAL_CONVERSION = YES;
				CLANG_WARN_OBJC_ROOT_CLASS = YES_ERROR;
				CLANG_WARN_RANGE_LOOP_ANALYSIS = YES;
				CLANG_WARN_STRICT_PROTOTYPES = YES;
				CLANG_WARN_SUSPICIOUS_MOVE = YES;
				CLANG_WARN_UNGUARDED_AVAILABILITY = YES_AGGRESSIVE;
				CLANG_WARN_UNREACHABLE_CODE = YES;
				CLANG_WARN__DUPLICATE_METHOD_MATCH = YES;
				COPY_PHASE_STRIP = NO;
				DEBUG_INFORMATION_FORMAT = "dwarf-with-dsym";
				ENABLE_NS_ASSERTIONS = NO;
				ENABLE_STRICT_OBJC_MSGSEND = YES;
				GCC_C_LANGUAGE_STANDARD = gnu11;
				GCC_NO_COMMON_BLOCKS = YES;
				GCC_WARN_64_TO_32_BIT_CONVERSION = YES;
				GCC_WARN_ABOUT_RETURN_TYPE = YES_ERROR;
				GCC_WARN_UNDECLARED_SELECTOR = YES;
				GCC_WARN_UNINITIALIZED_AUTOS = YES_AGGRESSIVE;
				GCC_WARN_UNUSED_FUNCTION = YES;
				GCC_WARN_UNUSED_VARIABLE = YES;
				IPHONEOS_DEPLOYMENT_TARGET = 13.4;
				MTL_ENABLE_DEBUG_INFO = NO;
				MTL_FAST_MATH = YES;
				SDKROOT = iphoneos;
				SWIFT_COMPILATION_MODE = wholemodule;
				SWIFT_OPTIMIZATION_LEVEL = "-O";
				VALIDATE_PRODUCT = YES;
			};
			name = Release;
		};
		647D66D3245C82CD00442029 /* Debug */ = {
			isa = XCBuildConfiguration;
			baseConfigurationReference = FD0CCDA680B8B7C0888B9015 /* Pods-megahack.debug.xcconfig */;
			buildSettings = {
				ASSETCATALOG_COMPILER_APPICON_NAME = AppIcon;
				CODE_SIGN_STYLE = Automatic;
				CURRENT_PROJECT_VERSION = 3;
				DEVELOPMENT_TEAM = W9Y372X4WH;
				INFOPLIST_FILE = megahack/Info.plist;
				IPHONEOS_DEPLOYMENT_TARGET = 13.0;
				LD_RUNPATH_SEARCH_PATHS = (
					"$(inherited)",
					"@executable_path/Frameworks",
				);
				PRODUCT_BUNDLE_IDENTIFIER = andydeva.pina;
				PRODUCT_NAME = Pina;
				SWIFT_VERSION = 5.0;
				TARGETED_DEVICE_FAMILY = "1,2";
			};
			name = Debug;
		};
		647D66D4245C82CD00442029 /* Release */ = {
			isa = XCBuildConfiguration;
			baseConfigurationReference = 2D7C08D8E0ED4CCF6E0410F5 /* Pods-megahack.release.xcconfig */;
			buildSettings = {
				ASSETCATALOG_COMPILER_APPICON_NAME = AppIcon;
				CODE_SIGN_STYLE = Automatic;
				CURRENT_PROJECT_VERSION = 3;
				DEVELOPMENT_TEAM = W9Y372X4WH;
				INFOPLIST_FILE = megahack/Info.plist;
				IPHONEOS_DEPLOYMENT_TARGET = 13.0;
				LD_RUNPATH_SEARCH_PATHS = (
					"$(inherited)",
					"@executable_path/Frameworks",
				);
				PRODUCT_BUNDLE_IDENTIFIER = andydeva.pina;
				PRODUCT_NAME = Pina;
				SWIFT_VERSION = 5.0;
				TARGETED_DEVICE_FAMILY = "1,2";
			};
			name = Release;
		};
/* End XCBuildConfiguration section */

/* Begin XCConfigurationList section */
		647D66B9245C82CB00442029 /* Build configuration list for PBXProject "megahack" */ = {
			isa = XCConfigurationList;
			buildConfigurations = (
				647D66D0245C82CD00442029 /* Debug */,
				647D66D1245C82CD00442029 /* Release */,
			);
			defaultConfigurationIsVisible = 0;
			defaultConfigurationName = Release;
		};
		647D66D2245C82CD00442029 /* Build configuration list for PBXNativeTarget "megahack" */ = {
			isa = XCConfigurationList;
			buildConfigurations = (
				647D66D3245C82CD00442029 /* Debug */,
				647D66D4245C82CD00442029 /* Release */,
			);
			defaultConfigurationIsVisible = 0;
			defaultConfigurationName = Release;
		};
/* End XCConfigurationList section */
	};
	rootObject = 647D66B6245C82CB00442029 /* Project object */;
}
